{
  "name": "rrweb-stats",
  "version": "1.0.0",
  "lockfileVersion": 1,
  "requires": true,
  "dependencies": {
    "@types/css-font-loading-module": {
      "version": "0.0.4",
      "resolved": "https://registry.npmjs.org/@types/css-font-loading-module/-/css-font-loading-module-0.0.4.tgz",
      "integrity": "sha512-ENdXf7MW4m9HeDojB2Ukbi7lYMIuQNBHVf98dbzaiG4EEJREBd6oleVAjrLRCrp7dm6CK1mmdmU9tcgF61acbw=="
    },
    "@xstate/fsm": {
      "version": "1.6.0",
      "resolved": "https://registry.npmjs.org/@xstate/fsm/-/fsm-1.6.0.tgz",
      "integrity": "sha512-YJpzKLPxMBUUQCTkjIbicsax6svTbPz5ykTkotIaa3kOoTnBJ4CWfC0cSQuMg7FAsfV2XWOuEsFq0dbmY7NtXg=="
    },
    "amdefine": {
      "version": "1.0.1",
      "resolved": "https://registry.npmjs.org/amdefine/-/amdefine-1.0.1.tgz",
      "integrity": "sha1-SlKCrBZHKek2Gbz9OtFR+BfOkfU="
    },
    "async": {
      "version": "0.2.10",
      "resolved": "https://registry.npmjs.org/async/-/async-0.2.10.tgz",
      "integrity": "sha1-trvgsGdLnXGXCMo43owjfLUmw9E="
    },
    "fflate": {
      "version": "0.4.8",
      "resolved": "https://registry.npmjs.org/fflate/-/fflate-0.4.8.tgz",
      "integrity": "sha512-FJqqoDBR00Mdj9ppamLa/Y7vxm+PRmNWA67N846RvsoYVMKB4q3y/de5PA7gUmRMYK/8CMz2GDZQmCRN1wBcWA=="
    },
    "mitt": {
      "version": "1.2.0",
      "resolved": "https://registry.npmjs.org/mitt/-/mitt-1.2.0.tgz",
      "integrity": "sha512-r6lj77KlwqLhIUku9UWYes7KJtsczvolZkzp8hbaDPPaE24OmWl5s539Mytlj22siEQKosZ26qCBgda2PKwoJw=="
    },
    "optimist": {
      "version": "0.3.7",
      "resolved": "https://registry.npmjs.org/optimist/-/optimist-0.3.7.tgz",
      "integrity": "sha1-yQlBrVnkJzMokjB00s8ufLxuwNk=",
      "requires": {
        "wordwrap": "~0.0.2"
      }
    },
    "require": {
      "version": "2.4.20",
      "resolved": "https://registry.npmjs.org/require/-/require-2.4.20.tgz",
      "integrity": "sha1-Zstrqqu2XeinHXk/XGX9GE83mLY=",
      "requires": {
        "std": "0.1.40",
        "uglify-js": "2.3.0"
      }
    },
    "rrweb": {
      "version": "0.9.14",
      "resolved": "https://registry.npmjs.org/rrweb/-/rrweb-0.9.14.tgz",
      "integrity": "sha512-nm2rrVNoyWFPrbGQmcvTTlA7XjbbgPIgO7qsW0Zyr5iOURIFJDGPHFmOVLRyLpWiriVtEoXh6a+x+D1sj+qwWg==",
      "requires": {
        "@types/css-font-loading-module": "0.0.4",
        "@xstate/fsm": "^1.4.0",
        "fflate": "^0.4.4",
        "mitt": "^1.1.3",
        "rrweb-snapshot": "^1.0.3"
      }
    },
    "rrweb-snapshot": {
      "version": "1.0.6",
      "resolved": "https://registry.npmjs.org/rrweb-snapshot/-/rrweb-snapshot-1.0.6.tgz",
      "integrity": "sha512-ctwaNjFnomNFe446gOcMusSzIxLUnF0kq6ev0iuKa1W1lhiVcBoRdfpE8zDDRKee2MxHxt0rq2T5DMKSIAD6fQ=="
    },
    "source-map": {
      "version": "0.1.43",
      "resolved": "https://registry.npmjs.org/source-map/-/source-map-0.1.43.tgz",
      "integrity": "sha1-wkvBRspRfBRx9drL4lcbK3+eM0Y=",
      "requires": {
        "amdefine": ">=0.0.4"
      }
    },
    "std": {
      "version": "0.1.40",
      "resolved": "https://registry.npmjs.org/std/-/std-0.1.40.tgz",
      "integrity": "sha1-Nnil9lCU2eG2teJu2/wCErg0K3E="
    },
    "uglify-js": {
      "version": "2.3.0",
      "resolved": "https://registry.npmjs.org/uglify-js/-/uglify-js-2.3.0.tgz",
      "integrity": "sha1-LN7BbTeKiituz7aYl4TPi3rlSR8=",
      "requires": {
        "async": "~0.2.6",
        "optimist": "~0.3.5",
        "source-map": "~0.1.7"
      }
    },
    "wordwrap": {
      "version": "0.0.3",
      "resolved": "https://registry.npmjs.org/wordwrap/-/wordwrap-0.0.3.tgz",
      "integrity": "sha1-o9XabNXAvAAI03I0u68b7WMFkQc="
    }
  }
}
